
Microsoft Visual Studio Solution File, Format Version 11.00
# Visual Studio 2010
Project("{FAE04EC0-301F-11D3-BF4B-00C04F79EFBC}") = "ParentProject", "ParentProject\ParentProject.csproj", "{5B55CC85-279C-46FE-86DC-E999F41C7525}"
EndProject
Project("{FAE04EC0-301F-11D3-BF4B-00C04F79EFBC}") = "PortableArea", "PortableArea\PortableArea.csproj", "{D70363D6-EB5B-44FD-BC4D-A4B08C0908D4}"
EndProject
Global
	GlobalSection(SolutionConfigurationPlatforms) = preSolution
		Debug|Any CPU = Debug|Any CPU
		Release|Any CPU = Release|Any CPU
	EndGlobalSection
	GlobalSection(ProjectConfigurationPlatforms) = postSolution
		{5B55CC85-279C-46FE-86DC-E999F41C7525}.Debug|Any CPU.ActiveCfg = Debug|Any CPU
		{5B55CC85-279C-46FE-86DC-E999F41C7525}.Debug|Any CPU.Build.0 = Debug|Any CPU
		{5B55CC85-279C-46FE-86DC-E999F41C7525}.Release|Any CPU.ActiveCfg = Release|Any CPU
		{5B55CC85-279C-46FE-86DC-E999F41C7525}.Release|Any CPU.Build.0 = Release|Any CPU
		{D70363D6-EB5B-44FD-BC4D-A4B08C0908D4}.Debug|Any CPU.ActiveCfg = Debug|Any CPU
		{D70363D6-EB5B-44FD-BC4D-A4B08C0908D4}.Debug|Any CPU.Build.0 = Debug|Any CPU
		{D70363D6-EB5B-44FD-BC4D-A4B08C0908D4}.Release|Any CPU.ActiveCfg = Release|Any CPU
		{D70363D6-EB5B-44FD-BC4D-A4B08C0908D4}.Release|Any CPU.Build.0 = Release|Any CPU
	EndGlobalSection
	GlobalSection(SolutionProperties) = preSolution
		HideSolutionNode = FALSE
	EndGlobalSection
EndGlobal
